{
  "version": 4,
  "terraform_version": "1.8.5",
  "serial": 188,
  "lineage": "593bc14c-fe64-5785-b28f-f754ed65b2f2",
  "outputs": {},
  "resources": [
    {
      "module": "module.eks-cluster",
      "mode": "managed",
      "type": "aws_eks_cluster",
      "name": "eks-cluster",
      "provider": "provider[\"registry.terraform.io/hashicorp/aws\"]",
      "instances": [
        {
          "schema_version": 0,
          "attributes": {
            "arn": "arn:aws:eks:us-east-1:035274893828:cluster/liorm-eks-cluster",
            "certificate_authority": [
              {
                "data": "LS0tLS1CRUdJTiBDRVJUSUZJQ0FURS0tLS0tCk1JSURCVENDQWUyZ0F3SUJBZ0lJVDY3ZGxpQlBWYnd3RFFZSktvWklodmNOQVFFTEJRQXdGVEVUTUJFR0ExVUUKQXhNS2EzVmlaWEp1WlhSbGN6QWVGdzB5TkRBMk1UTXhNakV4TkRsYUZ3MHpOREEyTVRFeE1qRTJORGxhTUJVeApFekFSQmdOVkJBTVRDbXQxWW1WeWJtVjBaWE13Z2dFaU1BMEdDU3FHU0liM0RRRUJBUVVBQTRJQkR3QXdnZ0VLCkFvSUJBUUNhTDVhbkVmVXhPMXNvS0xuU2hvVDJTRDU2K0ZELy93cFBiMEYyLzVnOEdzQm1KR3FHMTBYSmhXRUMKa2ZNQ0I2VGwxbDIwRGZxT2hUdUphM2lFbjJYNWtycDVTKy9WRk5qcmhvTWk2ZFFYb1hmZjNJd3JLWk1mNEFxRApWb3BiVEtBQUVpWlFDbmlnVkZIb0htVjdiVHhwYWpZczRlWUtUY2dZeUFQa3VqMTVuYjAwOGdTSDRtdGI1L0RICld3MEp5bXdGaElPOWxHaUN3clp3VHVYMVdCaEIvQWgzckNkdHEzbmJVeDlwL3Y3cEMvWXdxNHVtNUh6SUh0YSsKbHlBUitLMTVPNUV3d1RIZ2VyME9BZkc2cTFiemZHV3NySkxZRThITDk4aVhNdzk0WTRvR2dwRUMxZDA4M3hidwozYjFxVzJsTTJpeThNUGFBS1VkVWt3R3Y0U283QWdNQkFBR2pXVEJYTUE0R0ExVWREd0VCL3dRRUF3SUNwREFQCkJnTlZIUk1CQWY4RUJUQURBUUgvTUIwR0ExVWREZ1FXQkJTa2VycFhBUFJFTjJ6aEhyb3BGR2l0eExJUS96QVYKQmdOVkhSRUVEakFNZ2dwcmRXSmxjbTVsZEdWek1BMEdDU3FHU0liM0RRRUJDd1VBQTRJQkFRQmZZNVRrOWVJRApXdFBYbFlOYlYrZzVwb1lSNzFvZHlRVlZuUDZITzZ2RkkzNDFRR0NQN1FzTHNyaDVkL3hweXNSaE9nZUdMNjBRClJxOFdLcDVLcTc2YmdyMVVaTjZMZDhtekRsMEoxSm5vRWRqMVhkbVRmSmlLTTlMbDZUeTNaSi96azYvT0xETnkKVFg3akdyWjBib1ZpTXMvRkhYZCs4NmlIRkRUSmtUR0lGbCtXQjcwc1BNMHNCMTJ6ZDdJd0JuYjZ0ZEdwN05wRQp4R0NXS1B2T0MyYVR5bXF6ZDVORi9nRS8yTE9XZ1N3YjAxcDlSRHZGVW4xL1FrZ1BORmZWTW9UWEJDanlxWjVNCnBCU2kyQ1BGdHIwc0sxMVNyU25qQmtHOC9lTzNlZ0dyNVFOemE3QXlzejVPcDByTzk5blRwaWoraExoS1NvWWcKRUdEc0JCbmdMa3dLCi0tLS0tRU5EIENFUlRJRklDQVRFLS0tLS0K"
              }
            ],
            "cluster_id": null,
            "created_at": "2024-06-13 12:11:05.716 +0000 UTC",
            "enabled_cluster_log_types": [],
            "encryption_config": [],
            "endpoint": "https://107FE51C79E1E2086DEBF86812148A4D.gr7.us-east-1.eks.amazonaws.com",
            "id": "liorm-eks-cluster",
            "identity": [
              {
                "oidc": [
                  {
                    "issuer": "https://oidc.eks.us-east-1.amazonaws.com/id/107FE51C79E1E2086DEBF86812148A4D"
                  }
                ]
              }
            ],
            "kubernetes_network_config": [
              {
                "ip_family": "ipv4",
                "service_ipv4_cidr": "172.20.0.0/16",
                "service_ipv6_cidr": ""
              }
            ],
            "name": "liorm-eks-cluster",
            "outpost_config": [],
            "platform_version": "eks.7",
            "role_arn": "arn:aws:iam::035274893828:role/liorm-eks-cluster-iam-role",
            "status": "ACTIVE",
            "tags": {
              "provisioned_by": "Terraform"
            },
            "tags_all": {
              "provisioned_by": "Terraform"
            },
            "timeouts": null,
            "version": "1.29",
            "vpc_config": [
              {
                "cluster_security_group_id": "sg-00158fa0c3c12a81c",
                "endpoint_private_access": false,
                "endpoint_public_access": true,
                "public_access_cidrs": [
                  "0.0.0.0/0"
                ],
                "security_group_ids": [],
                "subnet_ids": [
                  "subnet-039a8d4e25c5856a8",
                  "subnet-0705f0fc2a836ce22",
                  "subnet-0a7544e78b0da6f33"
                ],
                "vpc_id": "vpc-01c5a51afcbff677e"
              }
            ]
          },
          "sensitive_attributes": [],
          "private": "eyJlMmJmYjczMC1lY2FhLTExZTYtOGY4OC0zNDM2M2JjN2M0YzAiOnsiY3JlYXRlIjoxODAwMDAwMDAwMDAwLCJkZWxldGUiOjkwMDAwMDAwMDAwMCwidXBkYXRlIjozNjAwMDAwMDAwMDAwfX0=",
          "dependencies": [
            "module.eks-cluster.aws_iam_role.eks-cluster-iam-role",
            "module.eks-cluster.aws_iam_role_policy_attachment.eks-cluster-policy",
            "module.eks-cluster.module.subnet_ids.aws_subnet.private_subnets",
            "module.eks-cluster.module.subnet_ids.aws_subnet.public_subnets",
            "module.eks-cluster.module.subnet_ids.aws_vpc.liorm_vpc"
          ]
        }
      ]
    },
    {
      "module": "module.eks-cluster",
      "mode": "managed",
      "type": "aws_iam_role",
      "name": "eks-cluster-iam-role",
      "provider": "provider[\"registry.terraform.io/hashicorp/aws\"]",
      "instances": [
        {
          "schema_version": 0,
          "attributes": {
            "arn": "arn:aws:iam::035274893828:role/liorm-eks-cluster-iam-role",
            "assume_role_policy": "{\"Statement\":[{\"Action\":\"sts:AssumeRole\",\"Effect\":\"Allow\",\"Principal\":{\"Service\":\"eks.amazonaws.com\"}}],\"Version\":\"2012-10-17\"}",
            "create_date": "2024-06-13T12:10:48Z",
            "description": "",
            "force_detach_policies": false,
            "id": "liorm-eks-cluster-iam-role",
            "inline_policy": [],
            "managed_policy_arns": [
              "arn:aws:iam::aws:policy/AmazonEKSClusterPolicy"
            ],
            "max_session_duration": 3600,
            "name": "liorm-eks-cluster-iam-role",
            "name_prefix": "",
            "path": "/",
            "permissions_boundary": null,
            "role_last_used": [
              {
                "last_used_date": "",
                "region": ""
              }
            ],
            "tags": {
              "provisioned_by": "Terraform"
            },
            "tags_all": {
              "provisioned_by": "Terraform"
            },
            "unique_id": "AROAQQNUMFICJ4Z3T4M37"
          },
          "sensitive_attributes": [],
          "private": "bnVsbA=="
        }
      ]
    },
    {
      "module": "module.eks-cluster",
      "mode": "managed",
      "type": "aws_iam_role_policy_attachment",
      "name": "eks-cluster-policy",
      "provider": "provider[\"registry.terraform.io/hashicorp/aws\"]",
      "instances": [
        {
          "schema_version": 0,
          "attributes": {
            "id": "liorm-eks-cluster-iam-role-20240613121049220400000004",
            "policy_arn": "arn:aws:iam::aws:policy/AmazonEKSClusterPolicy",
            "role": "liorm-eks-cluster-iam-role"
          },
          "sensitive_attributes": [],
          "private": "bnVsbA==",
          "dependencies": [
            "module.eks-cluster.aws_iam_role.eks-cluster-iam-role"
          ]
        }
      ]
    },
    {
      "module": "module.eks-cluster.module.subnet_ids",
      "mode": "managed",
      "type": "aws_subnet",
      "name": "private_subnets",
      "provider": "provider[\"registry.terraform.io/hashicorp/aws\"]",
      "instances": [
        {
          "index_key": 0,
          "schema_version": 1,
          "attributes": {
            "arn": "arn:aws:ec2:us-east-1:035274893828:subnet/subnet-039a8d4e25c5856a8",
            "assign_ipv6_address_on_creation": false,
            "availability_zone": "us-east-1a",
            "availability_zone_id": "use1-az1",
            "cidr_block": "10.64.10.0/24",
            "customer_owned_ipv4_pool": "",
            "enable_dns64": false,
            "enable_lni_at_device_index": 0,
            "enable_resource_name_dns_a_record_on_launch": false,
            "enable_resource_name_dns_aaaa_record_on_launch": false,
            "id": "subnet-039a8d4e25c5856a8",
            "ipv6_cidr_block": "",
            "ipv6_cidr_block_association_id": "",
            "ipv6_native": false,
            "map_customer_owned_ip_on_launch": false,
            "map_public_ip_on_launch": false,
            "outpost_arn": "",
            "owner_id": "035274893828",
            "private_dns_hostname_type_on_launch": "ip-name",
            "tags": {
              "Name": "liorm-private-subnet-0"
            },
            "tags_all": {
              "Name": "liorm-private-subnet-0"
            },
            "timeouts": null,
            "vpc_id": "vpc-01c5a51afcbff677e"
          },
          "sensitive_attributes": [],
          "private": "eyJlMmJmYjczMC1lY2FhLTExZTYtOGY4OC0zNDM2M2JjN2M0YzAiOnsiY3JlYXRlIjo2MDAwMDAwMDAwMDAsImRlbGV0ZSI6MTIwMDAwMDAwMDAwMH0sInNjaGVtYV92ZXJzaW9uIjoiMSJ9",
          "dependencies": [
            "module.eks-cluster.module.subnet_ids.aws_vpc.liorm_vpc"
          ]
        },
        {
          "index_key": 1,
          "schema_version": 1,
          "attributes": {
            "arn": "arn:aws:ec2:us-east-1:035274893828:subnet/subnet-0a7544e78b0da6f33",
            "assign_ipv6_address_on_creation": false,
            "availability_zone": "us-east-1a",
            "availability_zone_id": "use1-az1",
            "cidr_block": "10.64.20.0/24",
            "customer_owned_ipv4_pool": "",
            "enable_dns64": false,
            "enable_lni_at_device_index": 0,
            "enable_resource_name_dns_a_record_on_launch": false,
            "enable_resource_name_dns_aaaa_record_on_launch": false,
            "id": "subnet-0a7544e78b0da6f33",
            "ipv6_cidr_block": "",
            "ipv6_cidr_block_association_id": "",
            "ipv6_native": false,
            "map_customer_owned_ip_on_launch": false,
            "map_public_ip_on_launch": false,
            "outpost_arn": "",
            "owner_id": "035274893828",
            "private_dns_hostname_type_on_launch": "ip-name",
            "tags": {
              "Name": "liorm-private-subnet-1"
            },
            "tags_all": {
              "Name": "liorm-private-subnet-1"
            },
            "timeouts": null,
            "vpc_id": "vpc-01c5a51afcbff677e"
          },
          "sensitive_attributes": [],
          "private": "eyJlMmJmYjczMC1lY2FhLTExZTYtOGY4OC0zNDM2M2JjN2M0YzAiOnsiY3JlYXRlIjo2MDAwMDAwMDAwMDAsImRlbGV0ZSI6MTIwMDAwMDAwMDAwMH0sInNjaGVtYV92ZXJzaW9uIjoiMSJ9",
          "dependencies": [
            "module.eks-cluster.module.subnet_ids.aws_vpc.liorm_vpc"
          ]
        }
      ]
    },
    {
      "module": "module.eks-cluster.module.subnet_ids",
      "mode": "managed",
      "type": "aws_subnet",
      "name": "public_subnets",
      "provider": "provider[\"registry.terraform.io/hashicorp/aws\"]",
      "instances": [
        {
          "index_key": 0,
          "schema_version": 1,
          "attributes": {
            "arn": "arn:aws:ec2:us-east-1:035274893828:subnet/subnet-0705f0fc2a836ce22",
            "assign_ipv6_address_on_creation": false,
            "availability_zone": "us-east-1b",
            "availability_zone_id": "use1-az2",
            "cidr_block": "10.64.1.0/24",
            "customer_owned_ipv4_pool": "",
            "enable_dns64": false,
            "enable_lni_at_device_index": 0,
            "enable_resource_name_dns_a_record_on_launch": false,
            "enable_resource_name_dns_aaaa_record_on_launch": false,
            "id": "subnet-0705f0fc2a836ce22",
            "ipv6_cidr_block": "",
            "ipv6_cidr_block_association_id": "",
            "ipv6_native": false,
            "map_customer_owned_ip_on_launch": false,
            "map_public_ip_on_launch": true,
            "outpost_arn": "",
            "owner_id": "035274893828",
            "private_dns_hostname_type_on_launch": "ip-name",
            "tags": {
              "Name": "liorm-public-subnet-0"
            },
            "tags_all": {
              "Name": "liorm-public-subnet-0"
            },
            "timeouts": null,
            "vpc_id": "vpc-01c5a51afcbff677e"
          },
          "sensitive_attributes": [],
          "private": "eyJlMmJmYjczMC1lY2FhLTExZTYtOGY4OC0zNDM2M2JjN2M0YzAiOnsiY3JlYXRlIjo2MDAwMDAwMDAwMDAsImRlbGV0ZSI6MTIwMDAwMDAwMDAwMH0sInNjaGVtYV92ZXJzaW9uIjoiMSJ9",
          "dependencies": [
            "module.eks-cluster.module.subnet_ids.aws_vpc.liorm_vpc"
          ]
        },
        {
          "index_key": 1,
          "schema_version": 1,
          "attributes": {
            "arn": "arn:aws:ec2:us-east-1:035274893828:subnet/subnet-00347fd056e4ea821",
            "assign_ipv6_address_on_creation": false,
            "availability_zone": "us-east-1b",
            "availability_zone_id": "use1-az2",
            "cidr_block": "10.64.2.0/24",
            "customer_owned_ipv4_pool": "",
            "enable_dns64": false,
            "enable_lni_at_device_index": 0,
            "enable_resource_name_dns_a_record_on_launch": false,
            "enable_resource_name_dns_aaaa_record_on_launch": false,
            "id": "subnet-00347fd056e4ea821",
            "ipv6_cidr_block": "",
            "ipv6_cidr_block_association_id": "",
            "ipv6_native": false,
            "map_customer_owned_ip_on_launch": false,
            "map_public_ip_on_launch": true,
            "outpost_arn": "",
            "owner_id": "035274893828",
            "private_dns_hostname_type_on_launch": "ip-name",
            "tags": {
              "Name": "liorm-public-subnet-1"
            },
            "tags_all": {
              "Name": "liorm-public-subnet-1"
            },
            "timeouts": null,
            "vpc_id": "vpc-01c5a51afcbff677e"
          },
          "sensitive_attributes": [],
          "private": "eyJlMmJmYjczMC1lY2FhLTExZTYtOGY4OC0zNDM2M2JjN2M0YzAiOnsiY3JlYXRlIjo2MDAwMDAwMDAwMDAsImRlbGV0ZSI6MTIwMDAwMDAwMDAwMH0sInNjaGVtYV92ZXJzaW9uIjoiMSJ9",
          "dependencies": [
            "module.eks-cluster.module.subnet_ids.aws_vpc.liorm_vpc"
          ]
        }
      ]
    },
    {
      "module": "module.eks-cluster.module.subnet_ids",
      "mode": "managed",
      "type": "aws_vpc",
      "name": "liorm_vpc",
      "provider": "provider[\"registry.terraform.io/hashicorp/aws\"]",
      "instances": [
        {
          "schema_version": 1,
          "attributes": {
            "arn": "arn:aws:ec2:us-east-1:035274893828:vpc/vpc-01c5a51afcbff677e",
            "assign_generated_ipv6_cidr_block": false,
            "cidr_block": "10.64.0.0/16",
            "default_network_acl_id": "acl-02f477b3307f0006a",
            "default_route_table_id": "rtb-06351081ba1e5d111",
            "default_security_group_id": "sg-034ea35a6992a4a8f",
            "dhcp_options_id": "dopt-a5f9b9de",
            "enable_classiclink": false,
            "enable_classiclink_dns_support": false,
            "enable_dns_hostnames": false,
            "enable_dns_support": true,
            "enable_network_address_usage_metrics": false,
            "id": "vpc-01c5a51afcbff677e",
            "instance_tenancy": "default",
            "ipv4_ipam_pool_id": null,
            "ipv4_netmask_length": null,
            "ipv6_association_id": "",
            "ipv6_cidr_block": "",
            "ipv6_cidr_block_network_border_group": "",
            "ipv6_ipam_pool_id": "",
            "ipv6_netmask_length": 0,
            "main_route_table_id": "rtb-06351081ba1e5d111",
            "owner_id": "035274893828",
            "tags": {
              "Name": "liorm-vpc"
            },
            "tags_all": {
              "Name": "liorm-vpc"
            }
          },
          "sensitive_attributes": [],
          "private": "eyJzY2hlbWFfdmVyc2lvbiI6IjEifQ=="
        }
      ]
    }
  ],
  "check_results": null
}
